
Microsoft Visual Studio Solution File, Format Version 12.00
# Visual Studio Version 17
VisualStudioVersion = 17.10.35027.167
MinimumVisualStudioVersion = 10.0.40219.1
Project("{9A19103F-16F7-4668-BE54-9A1E7A4F7556}") = "nejsc", "NexusEJSCompiler\nejsc.csproj", "{9F8865AA-ED03-44A3-B1C5-B0EC15519DCC}"
EndProject
Project("{9A19103F-16F7-4668-BE54-9A1E7A4F7556}") = "offset2line", "offset2line\offset2line.csproj", "{7C0BBDCE-F142-45D3-B584-ABBFE74CE845}"
EndProject
Project("{FAE04EC0-301F-11D3-BF4B-00C04F79EFBC}") = "nejsdbg", "nejsdbg\nejsdbg.csproj", "{80F2F7CB-5834-4F06-BC11-D043A9E03368}"
EndProject
Global
	GlobalSection(SolutionConfigurationPlatforms) = preSolution
		Debug|Any CPU = Debug|Any CPU
		Release|Any CPU = Release|Any CPU
	EndGlobalSection
	GlobalSection(ProjectConfigurationPlatforms) = postSolution
		{9F8865AA-ED03-44A3-B1C5-B0EC15519DCC}.Debug|Any CPU.ActiveCfg = Debug|Any CPU
		{9F8865AA-ED03-44A3-B1C5-B0EC15519DCC}.Debug|Any CPU.Build.0 = Debug|Any CPU
		{9F8865AA-ED03-44A3-B1C5-B0EC15519DCC}.Release|Any CPU.ActiveCfg = Release|Any CPU
		{9F8865AA-ED03-44A3-B1C5-B0EC15519DCC}.Release|Any CPU.Build.0 = Release|Any CPU
		{7C0BBDCE-F142-45D3-B584-ABBFE74CE845}.Debug|Any CPU.ActiveCfg = Debug|Any CPU
		{7C0BBDCE-F142-45D3-B584-ABBFE74CE845}.Debug|Any CPU.Build.0 = Debug|Any CPU
		{7C0BBDCE-F142-45D3-B584-ABBFE74CE845}.Release|Any CPU.ActiveCfg = Release|Any CPU
		{7C0BBDCE-F142-45D3-B584-ABBFE74CE845}.Release|Any CPU.Build.0 = Release|Any CPU
		{80F2F7CB-5834-4F06-BC11-D043A9E03368}.Debug|Any CPU.ActiveCfg = Debug|Any CPU
		{80F2F7CB-5834-4F06-BC11-D043A9E03368}.Debug|Any CPU.Build.0 = Debug|Any CPU
		{80F2F7CB-5834-4F06-BC11-D043A9E03368}.Release|Any CPU.ActiveCfg = Release|Any CPU
		{80F2F7CB-5834-4F06-BC11-D043A9E03368}.Release|Any CPU.Build.0 = Release|Any CPU
	EndGlobalSection
	GlobalSection(SolutionProperties) = preSolution
		HideSolutionNode = FALSE
	EndGlobalSection
	GlobalSection(ExtensibilityGlobals) = postSolution
		SolutionGuid = {15E5D3AB-6A3E-48AE-B274-1723FCA7065A}
	EndGlobalSection
EndGlobal
